
Microsoft Visual Studio Solution File, Format Version 12.00
# Visual Studio 15
VisualStudioVersion = 15.0.28307.1082
MinimumVisualStudioVersion = 10.0.40219.1
Project("{9A19103F-16F7-4668-BE54-9A1E7A4F7556}") = "ABCFoodCateringProject", "ABCFoodCateringProject\ABCFoodCateringProject.csproj", "{647315EB-9CC6-4BFC-94AE-6E6613C88507}"
EndProject
Project("{FAE04EC0-301F-11D3-BF4B-00C04F79EFBC}") = "ABCFoodCateringProject.Test", "ABCFoodCateringProject.Test\ABCFoodCateringProject.Test.csproj", "{BAADDEC6-2ABC-4845-9B18-0ACC15EE7F88}"
EndProject
Global
	GlobalSection(SolutionConfigurationPlatforms) = preSolution
		Debug|Any CPU = Debug|Any CPU
		Release|Any CPU = Release|Any CPU
	EndGlobalSection
	GlobalSection(ProjectConfigurationPlatforms) = postSolution
		{647315EB-9CC6-4BFC-94AE-6E6613C88507}.Debug|Any CPU.ActiveCfg = Debug|Any CPU
		{647315EB-9CC6-4BFC-94AE-6E6613C88507}.Debug|Any CPU.Build.0 = Debug|Any CPU
		{647315EB-9CC6-4BFC-94AE-6E6613C88507}.Release|Any CPU.ActiveCfg = Release|Any CPU
		{647315EB-9CC6-4BFC-94AE-6E6613C88507}.Release|Any CPU.Build.0 = Release|Any CPU
		{BAADDEC6-2ABC-4845-9B18-0ACC15EE7F88}.Debug|Any CPU.ActiveCfg = Debug|Any CPU
		{BAADDEC6-2ABC-4845-9B18-0ACC15EE7F88}.Debug|Any CPU.Build.0 = Debug|Any CPU
		{BAADDEC6-2ABC-4845-9B18-0ACC15EE7F88}.Release|Any CPU.ActiveCfg = Release|Any CPU
		{BAADDEC6-2ABC-4845-9B18-0ACC15EE7F88}.Release|Any CPU.Build.0 = Release|Any CPU
	EndGlobalSection
	GlobalSection(SolutionProperties) = preSolution
		HideSolutionNode = FALSE
	EndGlobalSection
	GlobalSection(ExtensibilityGlobals) = postSolution
		SolutionGuid = {71E8F32F-A7CF-4D35-98B9-2045DE4C3400}
	EndGlobalSection
EndGlobal
